// !$*UTF8*$!
{
	archiveVersion = 1;
	classes = {
	};
	objectVersion = 46;
	objects = {

/* Begin PBXBuildFile section */
		A03EE1661F01C2FC009BE10F /* AppDelegate.swift in Sources */ = {isa = PBXBuildFile; fileRef = A03EE1651F01C2FC009BE10F /* AppDelegate.swift */; };
		A03EE1681F01C2FC009BE10F /* ViewController.swift in Sources */ = {isa = PBXBuildFile; fileRef = A03EE1671F01C2FC009BE10F /* ViewController.swift */; };
		A03EE16B1F01C2FC009BE10F /* Main.storyboard in Resources */ = {isa = PBXBuildFile; fileRef = A03EE1691F01C2FC009BE10F /* Main.storyboard */; };
		A03EE16D1F01C2FC009BE10F /* Assets.xcassets in Resources */ = {isa = PBXBuildFile; fileRef = A03EE16C1F01C2FC009BE10F /* Assets.xcassets */; };
		A03EE1701F01C2FC009BE10F /* LaunchScreen.storyboard in Resources */ = {isa = PBXBuildFile; fileRef = A03EE16E1F01C2FC009BE10F /* LaunchScreen.storyboard */; };
		A03EE17B1F01C2FC009BE10F /* InstagramTests.swift in Sources */ = {isa = PBXBuildFile; fileRef = A03EE17A1F01C2FC009BE10F /* InstagramTests.swift */; };
		A03EE1861F01C2FC009BE10F /* InstagramUITests.swift in Sources */ = {isa = PBXBuildFile; fileRef = A03EE1851F01C2FC009BE10F /* InstagramUITests.swift */; };
/* End PBXBuildFile section */

/* Begin PBXContainerItemProxy section */
		A03EE1771F01C2FC009BE10F /* PBXContainerItemProxy */ = {
			isa = PBXContainerItemProxy;
			containerPortal = A03EE15A1F01C2FC009BE10F /* Project object */;
			proxyType = 1;
			remoteGlobalIDString = A03EE1611F01C2FC009BE10F;
			remoteInfo = Instagram;
		};
		A03EE1821F01C2FC009BE10F /* PBXContainerItemProxy */ = {
			isa = PBXContainerItemProxy;
			containerPortal = A03EE15A1F01C2FC009BE10F /* Project object */;
			proxyType = 1;
			remoteGlobalIDString = A03EE1611F01C2FC009BE10F;
			remoteInfo = Instagram;
		};
/* End PBXContainerItemProxy section */

/* Begin PBXFileReference section */
		A03EE1621F01C2FC009BE10F /* Instagram.app */ = {isa = PBXFileReference; explicitFileType = wrapper.application; includeInIndex = 0; path = Instagram.app; sourceTree = BUILT_PRODUCTS_DIR; };
		A03EE1651F01C2FC009BE10F /* AppDelegate.swift */ = {isa = PBXFileReference; lastKnownFileType = sourcecode.swift; path = AppDelegate.swift; sourceTree = "<group>"; };
		A03EE1671F01C2FC009BE10F /* ViewController.swift */ = {isa = PBXFileReference; lastKnownFileType = sourcecode.swift; path = ViewController.swift; sourceTree = "<group>"; };
		A03EE16A1F01C2FC009BE10F /* Base */ = {isa = PBXFileReference; lastKnownFileType = file.storyboard; name = Base; path = Base.lproj/Main.storyboard; sourceTree = "<group>"; };
		A03EE16C1F01C2FC009BE10F /* Assets.xcassets */ = {isa = PBXFileReference; lastKnownFileType = folder.assetcatalog; path = Assets.xcassets; sourceTree = "<group>"; };
		A03EE16F1F01C2FC009BE10F /* Base */ = {isa = PBXFileReference; lastKnownFileType = file.storyboard; name = Base; path = Base.lproj/LaunchScreen.storyboard; sourceTree = "<group>"; };
		A03EE1711F01C2FC009BE10F /* Info.plist */ = {isa = PBXFileReference; lastKnownFileType = text.plist.xml; path = Info.plist; sourceTree = "<group>"; };
		A03EE1761F01C2FC009BE10F /* InstagramTests.xctest */ = {isa = PBXFileReference; explicitFileType = wrapper.cfbundle; includeInIndex = 0; path = InstagramTests.xctest; sourceTree = BUILT_PRODUCTS_DIR; };
		A03EE17A1F01C2FC009BE10F /* InstagramTests.swift */ = {isa = PBXFileReference; lastKnownFileType = sourcecode.swift; path = InstagramTests.swift; sourceTree = "<group>"; };
		A03EE17C1F01C2FC009BE10F /* Info.plist */ = {isa = PBXFileReference; lastKnownFileType = text.plist.xml; path = Info.plist; sourceTree = "<group>"; };
		A03EE1811F01C2FC009BE10F /* InstagramUITests.xctest */ = {isa = PBXFileReference; explicitFileType = wrapper.cfbundle; includeInIndex = 0; path = InstagramUITests.xctest; sourceTree = BUILT_PRODUCTS_DIR; };
		A03EE1851F01C2FC009BE10F /* InstagramUITests.swift */ = {isa = PBXFileReference; lastKnownFileType = sourcecode.swift; path = InstagramUITests.swift; sourceTree = "<group>"; };
		A03EE1871F01C2FC009BE10F /* Info.plist */ = {isa = PBXFileReference; lastKnownFileType = text.plist.xml; path = Info.plist; sourceTree = "<group>"; };
/* End PBXFileReference section */

/* Begin PBXFrameworksBuildPhase section */
		A03EE15F1F01C2FC009BE10F /* Frameworks */ = {
			isa = PBXFrameworksBuildPhase;
			buildActionMask = 2147483647;
			files = (
			);
			runOnlyForDeploymentPostprocessing = 0;
		};
		A03EE1731F01C2FC009BE10F /* Frameworks */ = {
			isa = PBXFrameworksBuildPhase;
			buildActionMask = 2147483647;
			files = (
			);
			runOnlyForDeploymentPostprocessing = 0;
		};
		A03EE17E1F01C2FC009BE10F /* Frameworks */ = {
			isa = PBXFrameworksBuildPhase;
			buildActionMask = 2147483647;
			files = (
			);
			runOnlyForDeploymentPostprocessing = 0;
		};
/* End PBXFrameworksBuildPhase section */

/* Begin PBXGroup section */
		A03EE1591F01C2FC009BE10F = {
			isa = PBXGroup;
			children = (
				A03EE1641F01C2FC009BE10F /* Instagram */,
				A03EE1791F01C2FC009BE10F /* InstagramTests */,
				A03EE1841F01C2FC009BE10F /* InstagramUITests */,
				A03EE1631F01C2FC009BE10F /* Products */,
			);
			sourceTree = "<group>";
		};
		A03EE1631F01C2FC009BE10F /* Products */ = {
			isa = PBXGroup;
			children = (
				A03EE1621F01C2FC009BE10F /* Instagram.app */,
				A03EE1761F01C2FC009BE10F /* InstagramTests.xctest */,
				A03EE1811F01C2FC009BE10F /* InstagramUITests.xctest */,
			);
			name = Products;
			sourceTree = "<group>";
		};
		A03EE1641F01C2FC009BE10F /* Instagram */ = {
			isa = PBXGroup;
			children = (
				A03EE1651F01C2FC009BE10F /* AppDelegate.swift */,
				A03EE1671F01C2FC009BE10F /* ViewController.swift */,
				A03EE1691F01C2FC009BE10F /* Main.storyboard */,
				A03EE16C1F01C2FC009BE10F /* Assets.xcassets */,
				A03EE16E1F01C2FC009BE10F /* LaunchScreen.storyboard */,
				A03EE1711F01C2FC009BE10F /* Info.plist */,
			);
			path = Instagram;
			sourceTree = "<group>";
		};
		A03EE1791F01C2FC009BE10F /* InstagramTests */ = {
			isa = PBXGroup;
			children = (
				A03EE17A1F01C2FC009BE10F /* InstagramTests.swift */,
				A03EE17C1F01C2FC009BE10F /* Info.plist */,
			);
			path = InstagramTests;
			sourceTree = "<group>";
		};
		A03EE1841F01C2FC009BE10F /* InstagramUITests */ = {
			isa = PBXGroup;
			children = (
				A03EE1851F01C2FC009BE10F /* InstagramUITests.swift */,
				A03EE1871F01C2FC009BE10F /* Info.plist */,
			);
			path = InstagramUITests;
			sourceTree = "<group>";
		};
/* End PBXGroup section */

/* Begin PBXNativeTarget section */
		A03EE1611F01C2FC009BE10F /* Instagram */ = {
			isa = PBXNativeTarget;
			buildConfigurationList = A03EE18A1F01C2FC009BE10F /* Build configuration list for PBXNativeTarget "Instagram" */;
			buildPhases = (
				A03EE15E1F01C2FC009BE10F /* Sources */,
				A03EE15F1F01C2FC009BE10F /* Frameworks */,
				A03EE1601F01C2FC009BE10F /* Resources */,
			);
			buildRules = (
			);
			dependencies = (
			);
			name = Instagram;
			productName = Instagram;
			productReference = A03EE1621F01C2FC009BE10F /* Instagram.app */;
			productType = "com.apple.product-type.application";
		};
		A03EE1751F01C2FC009BE10F /* InstagramTests */ = {
			isa = PBXNativeTarget;
			buildConfigurationList = A03EE18D1F01C2FC009BE10F /* Build configuration list for PBXNativeTarget "InstagramTests" */;
			buildPhases = (
				A03EE1721F01C2FC009BE10F /* Sources */,
				A03EE1731F01C2FC009BE10F /* Frameworks */,
				A03EE1741F01C2FC009BE10F /* Resources */,
			);
			buildRules = (
			);
			dependencies = (
				A03EE1781F01C2FC009BE10F /* PBXTargetDependency */,
			);
			name = InstagramTests;
			productName = InstagramTests;
			productReference = A03EE1761F01C2FC009BE10F /* InstagramTests.xctest */;
			productType = "com.apple.product-type.bundle.unit-test";
		};
		A03EE1801F01C2FC009BE10F /* InstagramUITests */ = {
			isa = PBXNativeTarget;
			buildConfigurationList = A03EE1901F01C2FC009BE10F /* Build configuration list for PBXNativeTarget "InstagramUITests" */;
			buildPhases = (
				A03EE17D1F01C2FC009BE10F /* Sources */,
				A03EE17E1F01C2FC009BE10F /* Frameworks */,
				A03EE17F1F01C2FC009BE10F /* Resources */,
			);
			buildRules = (
			);
			dependencies = (
				A03EE1831F01C2FC009BE10F /* PBXTargetDependency */,
			);
			name = InstagramUITests;
			productName = InstagramUITests;
			productReference = A03EE1811F01C2FC009BE10F /* InstagramUITests.xctest */;
			productType = "com.apple.product-type.bundle.ui-testing";
		};
/* End PBXNativeTarget section */

/* Begin PBXProject section */
		A03EE15A1F01C2FC009BE10F /* Project object */ = {
			isa = PBXProject;
			attributes = {
				LastSwiftUpdateCheck = 0830;
				LastUpgradeCheck = 0830;
				ORGANIZATIONNAME = "Bamlak Gessessew";
				TargetAttributes = {
					A03EE1611F01C2FC009BE10F = {
						CreatedOnToolsVersion = 8.3.2;
						ProvisioningStyle = Automatic;
					};
					A03EE1751F01C2FC009BE10F = {
						CreatedOnToolsVersion = 8.3.2;
						ProvisioningStyle = Automatic;
						TestTargetID = A03EE1611F01C2FC009BE10F;
					};
					A03EE1801F01C2FC009BE10F = {
						CreatedOnToolsVersion = 8.3.2;
						ProvisioningStyle = Automatic;
						TestTargetID = A03EE1611F01C2FC009BE10F;
					};
				};
			};
			buildConfigurationList = A03EE15D1F01C2FC009BE10F /* Build configuration list for PBXProject "Instagram" */;
			compatibilityVersion = "Xcode 3.2";
			developmentRegion = English;
			hasScannedForEncodings = 0;
			knownRegions = (
				en,
				Base,
			);
			mainGroup = A03EE1591F01C2FC009BE10F;
			productRefGroup = A03EE1631F01C2FC009BE10F /* Products */;
			projectDirPath = "";
			projectRoot = "";
			targets = (
				A03EE1611F01C2FC009BE10F /* Instagram */,
				A03EE1751F01C2FC009BE10F /* InstagramTests */,
				A03EE1801F01C2FC009BE10F /* InstagramUITests */,
			);
		};
/* End PBXProject section */

/* Begin PBXResourcesBuildPhase section */
		A03EE1601F01C2FC009BE10F /* Resources */ = {
			isa = PBXResourcesBuildPhase;
			buildActionMask = 2147483647;
			files = (
				A03EE1701F01C2FC009BE10F /* LaunchScreen.storyboard in Resources */,
				A03EE16D1F01C2FC009BE10F /* Assets.xcassets in Resources */,
				A03EE16B1F01C2FC009BE10F /* Main.storyboard in Resources */,
			);
			runOnlyForDeploymentPostprocessing = 0;
		};
		A03EE1741F01C2FC009BE10F /* Resources */ = {
			isa = PBXResourcesBuildPhase;
			buildActionMask = 2147483647;
			files = (
			);
			runOnlyForDeploymentPostprocessing = 0;
		};
		A03EE17F1F01C2FC009BE10F /* Resources */ = {
			isa = PBXResourcesBuildPhase;
			buildActionMask = 2147483647;
			files = (
			);
			runOnlyForDeploymentPostprocessing = 0;
		};
/* End PBXResourcesBuildPhase section */

/* Begin PBXSourcesBuildPhase section */
		A03EE15E1F01C2FC009BE10F /* Sources */ = {
			isa = PBXSourcesBuildPhase;
			buildActionMask = 2147483647;
			files = (
				A03EE1681F01C2FC009BE10F /* ViewController.swift in Sources */,
				A03EE1661F01C2FC009BE10F /* AppDelegate.swift in Sources */,
			);
			runOnlyForDeploymentPostprocessing = 0;
		};
		A03EE1721F01C2FC009BE10F /* Sources */ = {
			isa = PBXSourcesBuildPhase;
			buildActionMask = 2147483647;
			files = (
				A03EE17B1F01C2FC009BE10F /* InstagramTests.swift in Sources */,
			);
			runOnlyForDeploymentPostprocessing = 0;
		};
		A03EE17D1F01C2FC009BE10F /* Sources */ = {
			isa = PBXSourcesBuildPhase;
			buildActionMask = 2147483647;
			files = (
				A03EE1861F01C2FC009BE10F /* InstagramUITests.swift in Sources */,
			);
			runOnlyForDeploymentPostprocessing = 0;
		};
/* End PBXSourcesBuildPhase section */

/* Begin PBXTargetDependency section */
		A03EE1781F01C2FC009BE10F /* PBXTargetDependency */ = {
			isa = PBXTargetDependency;
			target = A03EE1611F01C2FC009BE10F /* Instagram */;
			targetProxy = A03EE1771F01C2FC009BE10F /* PBXContainerItemProxy */;
		};
		A03EE1831F01C2FC009BE10F /* PBXTargetDependency */ = {
			isa = PBXTargetDependency;
			target = A03EE1611F01C2FC009BE10F /* Instagram */;
			targetProxy = A03EE1821F01C2FC009BE10F /* PBXContainerItemProxy */;
		};
/* End PBXTargetDependency section */

/* Begin PBXVariantGroup section */
		A03EE1691F01C2FC009BE10F /* Main.storyboard */ = {
			isa = PBXVariantGroup;
			children = (
				A03EE16A1F01C2FC009BE10F /* Base */,
			);
			name = Main.storyboard;
			sourceTree = "<group>";
		};
		A03EE16E1F01C2FC009BE10F /* LaunchScreen.storyboard */ = {
			isa = PBXVariantGroup;
			children = (
				A03EE16F1F01C2FC009BE10F /* Base */,
			);
			name = LaunchScreen.storyboard;
			sourceTree = "<group>";
		};
/* End PBXVariantGroup section */

/* Begin XCBuildConfiguration section */
		A03EE1881F01C2FC009BE10F /* Debug */ = {
			isa = XCBuildConfiguration;
			buildSettings = {
				ALWAYS_SEARCH_USER_PATHS = NO;
				CLANG_ANALYZER_NONNULL = YES;
				CLANG_ANALYZER_NUMBER_OBJECT_CONVERSION = YES_AGGRESSIVE;
				CLANG_CXX_LANGUAGE_STANDARD = "gnu++0x";
				CLANG_CXX_LIBRARY = "libc++";
				CLANG_ENABLE_MODULES = YES;
				CLANG_ENABLE_OBJC_ARC = YES;
				CLANG_WARN_BOOL_CONVERSION = YES;
				CLANG_WARN_CONSTANT_CONVERSION = YES;
				CLANG_WARN_DIRECT_OBJC_ISA_USAGE = YES_ERROR;
				CLANG_WARN_DOCUMENTATION_COMMENTS = YES;
				CLANG_WARN_EMPTY_BODY = YES;
				CLANG_WARN_ENUM_CONVERSION = YES;
				CLANG_WARN_INFINITE_RECURSION = YES;
				CLANG_WARN_INT_CONVERSION = YES;
				CLANG_WARN_OBJC_ROOT_CLASS = YES_ERROR;
				CLANG_WARN_SUSPICIOUS_MOVE = YES;
				CLANG_WARN_UNREACHABLE_CODE = YES;
				CLANG_WARN__DUPLICATE_METHOD_MATCH = YES;
				"CODE_SIGN_IDENTITY[sdk=iphoneos*]" = "iPhone Developer";
				COPY_PHASE_STRIP = NO;
				DEBUG_INFORMATION_FORMAT = dwarf;
				ENABLE_STRICT_OBJC_MSGSEND = YES;
				ENABLE_TESTABILITY = YES;
				GCC_C_LANGUAGE_STANDARD = gnu99;
				GCC_DYNAMIC_NO_PIC = NO;
				GCC_NO_COMMON_BLOCKS = YES;
				GCC_OPTIMIZATION_LEVEL = 0;
				GCC_PREPROCESSOR_DEFINITIONS = (
					"DEBUG=1",
					"$(inherited)",
				);
				GCC_WARN_64_TO_32_BIT_CONVERSION = YES;
				GCC_WARN_ABOUT_RETURN_TYPE = YES_ERROR;
				GCC_WARN_UNDECLARED_SELECTOR = YES;
				GCC_WARN_UNINITIALIZED_AUTOS = YES_AGGRESSIVE;
				GCC_WARN_UNUSED_FUNCTION = YES;
				GCC_WARN_UNUSED_VARIABLE = YES;
				IPHONEOS_DEPLOYMENT_TARGET = 10.3;
				MTL_ENABLE_DEBUG_INFO = YES;
				ONLY_ACTIVE_ARCH = YES;
				SDKROOT = iphoneos;
				SWIFT_ACTIVE_COMPILATION_CONDITIONS = DEBUG;
				SWIFT_OPTIMIZATION_LEVEL = "-Onone";
			};
			name = Debug;
		};
		A03EE1891F01C2FC009BE10F /* Release */ = {
			isa = XCBuildConfiguration;
			buildSettings = {
				ALWAYS_SEARCH_USER_PATHS = NO;
				CLANG_ANALYZER_NONNULL = YES;
				CLANG_ANALYZER_NUMBER_OBJECT_CONVERSION = YES_AGGRESSIVE;
				CLANG_CXX_LANGUAGE_STANDARD = "gnu++0x";
				CLANG_CXX_LIBRARY = "libc++";
				CLANG_ENABLE_MODULES = YES;
				CLANG_ENABLE_OBJC_ARC = YES;
				CLANG_WARN_BOOL_CONVERSION = YES;
				CLANG_WARN_CONSTANT_CONVERSION = YES;
				CLANG_WARN_DIRECT_OBJC_ISA_USAGE = YES_ERROR;
				CLANG_WARN_DOCUMENTATION_COMMENTS = YES;
				CLANG_WARN_EMPTY_BODY = YES;
				CLANG_WARN_ENUM_CONVERSION = YES;
				CLANG_WARN_INFINITE_RECURSION = YES;
				CLANG_WARN_INT_CONVERSION = YES;
				CLANG_WARN_OBJC_ROOT_CLASS = YES_ERROR;
				CLANG_WARN_SUSPICIOUS_MOVE = YES;
				CLANG_WARN_UNREACHABLE_CODE = YES;
				CLANG_WARN__DUPLICATE_METHOD_MATCH = YES;
				"CODE_SIGN_IDENTITY[sdk=iphoneos*]" = "iPhone Developer";
				COPY_PHASE_STRIP = NO;
				DEBUG_INFORMATION_FORMAT = "dwarf-with-dsym";
				ENABLE_NS_ASSERTIONS = NO;
				ENABLE_STRICT_OBJC_MSGSEND = YES;
				GCC_C_LANGUAGE_STANDARD = gnu99;
				GCC_NO_COMMON_BLOCKS = YES;
				GCC_WARN_64_TO_32_BIT_CONVERSION = YES;
				GCC_WARN_ABOUT_RETURN_TYPE = YES_ERROR;
				GCC_WARN_UNDECLARED_SELECTOR = YES;
				GCC_WARN_UNINITIALIZED_AUTOS = YES_AGGRESSIVE;
				GCC_WARN_UNUSED_FUNCTION = YES;
				GCC_WARN_UNUSED_VARIABLE = YES;
				IPHONEOS_DEPLOYMENT_TARGET = 10.3;
				MTL_ENABLE_DEBUG_INFO = NO;
				SDKROOT = iphoneos;
				SWIFT_OPTIMIZATION_LEVEL = "-Owholemodule";
				VALIDATE_PRODUCT = YES;
			};
			name = Release;
		};
		A03EE18B1F01C2FC009BE10F /* Debug */ = {
			isa = XCBuildConfiguration;
			buildSettings = {
				ASSETCATALOG_COMPILER_APPICON_NAME = AppIcon;
				INFOPLIST_FILE = Instagram/Info.plist;
				LD_RUNPATH_SEARCH_PATHS = "$(inherited) @executable_path/Frameworks";
				PRODUCT_BUNDLE_IDENTIFIER = com.Bamlak.Instagram;
				PRODUCT_NAME = "$(TARGET_NAME)";
				SWIFT_VERSION = 3.0;
			};
			name = Debug;
		};
		A03EE18C1F01C2FC009BE10F /* Release */ = {
			isa = XCBuildConfiguration;
			buildSettings = {
				ASSETCATALOG_COMPILER_APPICON_NAME = AppIcon;
				INFOPLIST_FILE = Instagram/Info.plist;
				LD_RUNPATH_SEARCH_PATHS = "$(inherited) @executable_path/Frameworks";
				PRODUCT_BUNDLE_IDENTIFIER = com.Bamlak.Instagram;
				PRODUCT_NAME = "$(TARGET_NAME)";
				SWIFT_VERSION = 3.0;
			};
			name = Release;
		};
		A03EE18E1F01C2FC009BE10F /* Debug */ = {
			isa = XCBuildConfiguration;
			buildSettings = {
				ALWAYS_EMBED_SWIFT_STANDARD_LIBRARIES = YES;
				BUNDLE_LOADER = "$(TEST_HOST)";
				INFOPLIST_FILE = InstagramTests/Info.plist;
				LD_RUNPATH_SEARCH_PATHS = "$(inherited) @executable_path/Frameworks @loader_path/Frameworks";
				PRODUCT_BUNDLE_IDENTIFIER = com.Bamlak.InstagramTests;
				PRODUCT_NAME = "$(TARGET_NAME)";
				SWIFT_VERSION = 3.0;
				TEST_HOST = "$(BUILT_PRODUCTS_DIR)/Instagram.app/Instagram";
			};
			name = Debug;
		};
		A03EE18F1F01C2FC009BE10F /* Release */ = {
			isa = XCBuildConfiguration;
			buildSettings = {
				ALWAYS_EMBED_SWIFT_STANDARD_LIBRARIES = YES;
				BUNDLE_LOADER = "$(TEST_HOST)";
				INFOPLIST_FILE = InstagramTests/Info.plist;
				LD_RUNPATH_SEARCH_PATHS = "$(inherited) @executable_path/Frameworks @loader_path/Frameworks";
				PRODUCT_BUNDLE_IDENTIFIER = com.Bamlak.InstagramTests;
				PRODUCT_NAME = "$(TARGET_NAME)";
				SWIFT_VERSION = 3.0;
				TEST_HOST = "$(BUILT_PRODUCTS_DIR)/Instagram.app/Instagram";
			};
			name = Release;
		};
		A03EE1911F01C2FC009BE10F /* Debug */ = {
			isa = XCBuildConfiguration;
			buildSettings = {
				ALWAYS_EMBED_SWIFT_STANDARD_LIBRARIES = YES;
				INFOPLIST_FILE = InstagramUITests/Info.plist;
				LD_RUNPATH_SEARCH_PATHS = "$(inherited) @executable_path/Frameworks @loader_path/Frameworks";
				PRODUCT_BUNDLE_IDENTIFIER = com.Bamlak.InstagramUITests;
				PRODUCT_NAME = "$(TARGET_NAME)";
				SWIFT_VERSION = 3.0;
				TEST_TARGET_NAME = Instagram;
			};
			name = Debug;
		};
		A03EE1921F01C2FC009BE10F /* Release */ = {
			isa = XCBuildConfiguration;
			buildSettings = {
				ALWAYS_EMBED_SWIFT_STANDARD_LIBRARIES = YES;
				INFOPLIST_FILE = InstagramUITests/Info.plist;
				LD_RUNPATH_SEARCH_PATHS = "$(inherited) @executable_path/Frameworks @loader_path/Frameworks";
				PRODUCT_BUNDLE_IDENTIFIER = com.Bamlak.InstagramUITests;
				PRODUCT_NAME = "$(TARGET_NAME)";
				SWIFT_VERSION = 3.0;
				TEST_TARGET_NAME = Instagram;
			};
			name = Release;
		};
/* End XCBuildConfiguration section */

/* Begin XCConfigurationList section */
		A03EE15D1F01C2FC009BE10F /* Build configuration list for PBXProject "Instagram" */ = {
			isa = XCConfigurationList;
			buildConfigurations = (
				A03EE1881F01C2FC009BE10F /* Debug */,
				A03EE1891F01C2FC009BE10F /* Release */,
			);
			defaultConfigurationIsVisible = 0;
			defaultConfigurationName = Release;
		};
		A03EE18A1F01C2FC009BE10F /* Build configuration list for PBXNativeTarget "Instagram" */ = {
			isa = XCConfigurationList;
			buildConfigurations = (
				A03EE18B1F01C2FC009BE10F /* Debug */,
				A03EE18C1F01C2FC009BE10F /* Release */,
			);
			defaultConfigurationIsVisible = 0;
		};
		A03EE18D1F01C2FC009BE10F /* Build configuration list for PBXNativeTarget "InstagramTests" */ = {
			isa = XCConfigurationList;
			buildConfigurations = (
				A03EE18E1F01C2FC009BE10F /* Debug */,
				A03EE18F1F01C2FC009BE10F /* Release */,
			);
			defaultConfigurationIsVisible = 0;
		};
		A03EE1901F01C2FC009BE10F /* Build configuration list for PBXNativeTarget "InstagramUITests" */ = {
			isa = XCConfigurationList;
			buildConfigurations = (
				A03EE1911F01C2FC009BE10F /* Debug */,
				A03EE1921F01C2FC009BE10F /* Release */,
			);
			defaultConfigurationIsVisible = 0;
		};
/* End XCConfigurationList section */
	};
	rootObject = A03EE15A1F01C2FC009BE10F /* Project object */;
}
